
Microsoft Visual Studio Solution File, Format Version 12.00
# Visual Studio Version 17
VisualStudioVersion = 17.12.35527.113 d17.12
MinimumVisualStudioVersion = 10.0.40219.1
Project("{FAE04EC0-301F-11D3-BF4B-00C04F79EFBC}") = "Employee Management and Vacation System", "Employee Management and Vacation System.csproj", "{CE947AB0-210D-42A6-96C5-8900F87E8E18}"
EndProject
Global
	GlobalSection(SolutionConfigurationPlatforms) = preSolution
		Debug|Any CPU = Debug|Any CPU
		Release|Any CPU = Release|Any CPU
	EndGlobalSection
	GlobalSection(ProjectConfigurationPlatforms) = postSolution
		{CE947AB0-210D-42A6-96C5-8900F87E8E18}.Debug|Any CPU.ActiveCfg = Debug|Any CPU
		{CE947AB0-210D-42A6-96C5-8900F87E8E18}.Debug|Any CPU.Build.0 = Debug|Any CPU
		{CE947AB0-210D-42A6-96C5-8900F87E8E18}.Release|Any CPU.ActiveCfg = Release|Any CPU
		{CE947AB0-210D-42A6-96C5-8900F87E8E18}.Release|Any CPU.Build.0 = Release|Any CPU
	EndGlobalSection
	GlobalSection(SolutionProperties) = preSolution
		HideSolutionNode = FALSE
	EndGlobalSection
EndGlobal
